
Microsoft Visual Studio Solution File, Format Version 12.00
# Visual Studio 14
VisualStudioVersion = 14.0.25420.1
MinimumVisualStudioVersion = 10.0.40219.1
Project("{FAE04EC0-301F-11D3-BF4B-00C04F79EFBC}") = "SuspeSys.Client", "SuspeSys.Client\SuspeSys.Client.csproj", "{203E75E9-3D77-4683-8327-3D34003F0F0D}"
EndProject
Project("{FAE04EC0-301F-11D3-BF4B-00C04F79EFBC}") = "SuspeSys.Server", "SuspeSys.Server\SuspeSys.Server.csproj", "{F744E8CB-E80C-45B9-868B-FDE1CC727CB2}"
	ProjectSection(ProjectDependencies) = postProject
		{E814A433-3BDE-4833-8D6B-F930BDFE9FF3} = {E814A433-3BDE-4833-8D6B-F930BDFE9FF3}
	EndProjectSection
EndProject
Project("{FAE04EC0-301F-11D3-BF4B-00C04F79EFBC}") = "SuspeSys.Service", "SuspeSys.Service\SuspeSys.Service.csproj", "{693BCC80-D01B-4686-ABFE-04E403B5A1C9}"
EndProject
Project("{FAE04EC0-301F-11D3-BF4B-00C04F79EFBC}") = "SuspeSys.Service.Impl", "SuspeSys.Service.Impl\SuspeSys.Service.Impl.csproj", "{D67AA225-9127-4830-98A0-CE10AC98197A}"
EndProject
Project("{FAE04EC0-301F-11D3-BF4B-00C04F79EFBC}") = "SuspeSys.Support", "SuspeSys.Support\SuspeSys.Support.csproj", "{59315486-A0BC-424A-A0C5-FD791A6EB9D2}"
EndProject
Project("{FAE04EC0-301F-11D3-BF4B-00C04F79EFBC}") = "SuspeSys.Dao", "SuspeSys.Dao\SuspeSys.Dao.csproj", "{E09563D0-4E7C-4F02-9C9B-7A6C50499FFB}"
EndProject
Project("{FAE04EC0-301F-11D3-BF4B-00C04F79EFBC}") = "SuspeSys.Test", "SuspeSys.Test\SuspeSys.Test.csproj", "{0B025E16-2A9C-4712-A31F-1725201B5B33}"
EndProject
Project("{FAE04EC0-301F-11D3-BF4B-00C04F79EFBC}") = "SuspeSys.Domain", "SuspeSys.Model\SuspeSys.Domain.csproj", "{B965CBB5-41A5-4BBA-917F-4AF482A56221}"
EndProject
Project("{FAE04EC0-301F-11D3-BF4B-00C04F79EFBC}") = "SuspeSys.WpfClient", "SuspeSys.WpfClient\SuspeSys.WpfClient.csproj", "{DCDB285E-8886-4CBF-88D6-A1E1CF1C5D61}"
EndProject
Project("{FAE04EC0-301F-11D3-BF4B-00C04F79EFBC}") = "SuspeSys.Utils", "SuspeSys.Utils\SuspeSys.Utils.csproj", "{F3AC00B0-4BC8-423F-9EE3-E836765F1A93}"
EndProject
Project("{FAE04EC0-301F-11D3-BF4B-00C04F79EFBC}") = "SuspeSys.WinService", "SuspeSys.WinService\SuspeSys.WinService.csproj", "{9C5B038E-42FB-4658-94E8-41731A64A06F}"
EndProject
Project("{FAE04EC0-301F-11D3-BF4B-00C04F79EFBC}") = "SuspeSys.Remoting", "SuspeSys.Remoting\SuspeSys.Remoting.csproj", "{7F515BF0-7AC2-4D1F-854E-BD60F36D48F9}"
EndProject
Project("{FAE04EC0-301F-11D3-BF4B-00C04F79EFBC}") = "Sus.Net.Client", "Sus.Net.Client\Sus.Net.Client.csproj", "{359C4D9C-FB15-4CDC-8E24-4CECF269C747}"
EndProject
Project("{FAE04EC0-301F-11D3-BF4B-00C04F79EFBC}") = "Sus.Net.Common", "Sus.Net.Common\Sus.Net.Common.csproj", "{7EF7B4DD-57C3-478D-B750-7AD9140D717D}"
EndProject
Project("{FAE04EC0-301F-11D3-BF4B-00C04F79EFBC}") = "SuspeSys.Client.Sqlite", "SuspeSys.Client.Sqlite\SuspeSys.Client.Sqlite\SuspeSys.Client.Sqlite.csproj", "{DFDE17B4-AF22-446D-8796-CA5031609686}"
EndProject
Project("{FAE04EC0-301F-11D3-BF4B-00C04F79EFBC}") = "SuspeSys.TestDataGeneratorTool", "SuspeSys.TestDataGeneratorTool\SuspeSys.TestDataGeneratorTool.csproj", "{DF92A73D-EF97-4E83-838A-B58F24CB348B}"
EndProject
Project("{FAE04EC0-301F-11D3-BF4B-00C04F79EFBC}") = "SuspeSys.CustomerControls", "SuspeSys.Control\SuspeSys.CustomerControls.csproj", "{294A9554-E19A-4DA4-8EC0-A6A81D4186A1}"
EndProject
Project("{FAE04EC0-301F-11D3-BF4B-00C04F79EFBC}") = "SuspeSys.SusRedisService", "SuspeSys.SusRedisService\SuspeSys.SusRedisService.csproj", "{F8A5C144-6092-445E-A660-0124DEE0FCC3}"
EndProject
Project("{FAE04EC0-301F-11D3-BF4B-00C04F79EFBC}") = "Sus.Net.Server", "Sus.Net.Server\Sus.Net.Server.csproj", "{252F15C7-F37D-4F2B-858D-1BD5A7CC467B}"
EndProject
Project("{2150E333-8FDC-42A3-9474-1A3956D46DE8}") = "Service", "Service", "{4AEC25B6-C1FC-40FA-9262-66E74C5D9E11}"
EndProject
Project("{2150E333-8FDC-42A3-9474-1A3956D46DE8}") = "Client", "Client", "{D230C53D-6CBE-4E72-B15B-BB0394AC2106}"
EndProject
Project("{2150E333-8FDC-42A3-9474-1A3956D46DE8}") = "Net", "Net", "{232BD516-1BA1-4CFF-A149-0CAF1E65E851}"
EndProject
Project("{2150E333-8FDC-42A3-9474-1A3956D46DE8}") = "Server", "Server", "{A4C5E1F4-5A09-4DFB-B3AA-24CD0189A138}"
EndProject
Project("{2150E333-8FDC-42A3-9474-1A3956D46DE8}") = "Redis", "Redis", "{D31564D7-6FF1-47E9-8D5A-C72573692990}"
EndProject
Project("{2150E333-8FDC-42A3-9474-1A3956D46DE8}") = "Test", "Test", "{A63B955E-7576-4317-A887-7AF07E321065}"
EndProject
Project("{2150E333-8FDC-42A3-9474-1A3956D46DE8}") = "Common", "Common", "{25F4031C-DB60-4940-9465-8A908A23F01F}"
EndProject
Project("{2150E333-8FDC-42A3-9474-1A3956D46DE8}") = "Da", "Da", "{18BCE8E6-7E91-4BFE-8E5D-D0E792DD5BA3}"
EndProject
Project("{2150E333-8FDC-42A3-9474-1A3956D46DE8}") = "Tools", "Tools", "{4838C308-CFE9-428C-8091-5DCB832509AA}"
EndProject
Project("{FAE04EC0-301F-11D3-BF4B-00C04F79EFBC}") = "SuspeSys.AuxiliaryTools", "SuspeSys.AuxiliaryTools\SuspeSys.AuxiliaryTools.csproj", "{E814A433-3BDE-4833-8D6B-F930BDFE9FF3}"
EndProject
Project("{FAE04EC0-301F-11D3-BF4B-00C04F79EFBC}") = "SuspeSys.CoreTest", "SuspeSys.CoreTest\SuspeSys.CoreTest.csproj", "{28B0B4BB-4481-420B-8258-067E9E093AED}"
EndProject
Project("{FAE04EC0-301F-11D3-BF4B-00C04F79EFBC}") = "SuspeSys.SusRedis", "SuspeSys.SusRedis\SuspeSys.SusRedis.csproj", "{9F2D2F9F-7DCA-4509-B1B1-CA4CCF87FF50}"
EndProject
Project("{FAE04EC0-301F-11D3-BF4B-00C04F79EFBC}") = "SuspeSys.StressTestApp", "SuspeSys.StressTestApp\SuspeSys.StressTestApp.csproj", "{87D1DDED-2E78-4100-ACD4-77FC13BCA7FC}"
EndProject
Global
	GlobalSection(SolutionConfigurationPlatforms) = preSolution
		Debug|Any CPU = Debug|Any CPU
		Release|Any CPU = Release|Any CPU
	EndGlobalSection
	GlobalSection(ProjectConfigurationPlatforms) = postSolution
		{203E75E9-3D77-4683-8327-3D34003F0F0D}.Debug|Any CPU.ActiveCfg = Debug|Any CPU
		{203E75E9-3D77-4683-8327-3D34003F0F0D}.Debug|Any CPU.Build.0 = Debug|Any CPU
		{203E75E9-3D77-4683-8327-3D34003F0F0D}.Release|Any CPU.ActiveCfg = Release|Any CPU
		{203E75E9-3D77-4683-8327-3D34003F0F0D}.Release|Any CPU.Build.0 = Release|Any CPU
		{F744E8CB-E80C-45B9-868B-FDE1CC727CB2}.Debug|Any CPU.ActiveCfg = Debug|Any CPU
		{F744E8CB-E80C-45B9-868B-FDE1CC727CB2}.Debug|Any CPU.Build.0 = Debug|Any CPU
		{F744E8CB-E80C-45B9-868B-FDE1CC727CB2}.Release|Any CPU.ActiveCfg = Release|Any CPU
		{F744E8CB-E80C-45B9-868B-FDE1CC727CB2}.Release|Any CPU.Build.0 = Release|Any CPU
		{693BCC80-D01B-4686-ABFE-04E403B5A1C9}.Debug|Any CPU.ActiveCfg = Debug|Any CPU
		{693BCC80-D01B-4686-ABFE-04E403B5A1C9}.Debug|Any CPU.Build.0 = Debug|Any CPU
		{693BCC80-D01B-4686-ABFE-04E403B5A1C9}.Release|Any CPU.ActiveCfg = Release|Any CPU
		{693BCC80-D01B-4686-ABFE-04E403B5A1C9}.Release|Any CPU.Build.0 = Release|Any CPU
		{D67AA225-9127-4830-98A0-CE10AC98197A}.Debug|Any CPU.ActiveCfg = Debug|Any CPU
		{D67AA225-9127-4830-98A0-CE10AC98197A}.Debug|Any CPU.Build.0 = Debug|Any CPU
		{D67AA225-9127-4830-98A0-CE10AC98197A}.Release|Any CPU.ActiveCfg = Release|Any CPU
		{D67AA225-9127-4830-98A0-CE10AC98197A}.Release|Any CPU.Build.0 = Release|Any CPU
		{59315486-A0BC-424A-A0C5-FD791A6EB9D2}.Debug|Any CPU.ActiveCfg = Debug|Any CPU
		{59315486-A0BC-424A-A0C5-FD791A6EB9D2}.Debug|Any CPU.Build.0 = Debug|Any CPU
		{59315486-A0BC-424A-A0C5-FD791A6EB9D2}.Release|Any CPU.ActiveCfg = Release|Any CPU
		{59315486-A0BC-424A-A0C5-FD791A6EB9D2}.Release|Any CPU.Build.0 = Release|Any CPU
		{E09563D0-4E7C-4F02-9C9B-7A6C50499FFB}.Debug|Any CPU.ActiveCfg = Debug|Any CPU
		{E09563D0-4E7C-4F02-9C9B-7A6C50499FFB}.Debug|Any CPU.Build.0 = Debug|Any CPU
		{E09563D0-4E7C-4F02-9C9B-7A6C50499FFB}.Release|Any CPU.ActiveCfg = Release|Any CPU
		{E09563D0-4E7C-4F02-9C9B-7A6C50499FFB}.Release|Any CPU.Build.0 = Release|Any CPU
		{0B025E16-2A9C-4712-A31F-1725201B5B33}.Debug|Any CPU.ActiveCfg = Debug|Any CPU
		{0B025E16-2A9C-4712-A31F-1725201B5B33}.Debug|Any CPU.Build.0 = Debug|Any CPU
		{0B025E16-2A9C-4712-A31F-1725201B5B33}.Release|Any CPU.ActiveCfg = Release|Any CPU
		{0B025E16-2A9C-4712-A31F-1725201B5B33}.Release|Any CPU.Build.0 = Release|Any CPU
		{B965CBB5-41A5-4BBA-917F-4AF482A56221}.Debug|Any CPU.ActiveCfg = Debug|Any CPU
		{B965CBB5-41A5-4BBA-917F-4AF482A56221}.Debug|Any CPU.Build.0 = Debug|Any CPU
		{B965CBB5-41A5-4BBA-917F-4AF482A56221}.Release|Any CPU.ActiveCfg = Release|Any CPU
		{B965CBB5-41A5-4BBA-917F-4AF482A56221}.Release|Any CPU.Build.0 = Release|Any CPU
		{DCDB285E-8886-4CBF-88D6-A1E1CF1C5D61}.Debug|Any CPU.ActiveCfg = Debug|Any CPU
		{DCDB285E-8886-4CBF-88D6-A1E1CF1C5D61}.Debug|Any CPU.Build.0 = Debug|Any CPU
		{DCDB285E-8886-4CBF-88D6-A1E1CF1C5D61}.Release|Any CPU.ActiveCfg = Release|Any CPU
		{DCDB285E-8886-4CBF-88D6-A1E1CF1C5D61}.Release|Any CPU.Build.0 = Release|Any CPU
		{F3AC00B0-4BC8-423F-9EE3-E836765F1A93}.Debug|Any CPU.ActiveCfg = Debug|Any CPU
		{F3AC00B0-4BC8-423F-9EE3-E836765F1A93}.Debug|Any CPU.Build.0 = Debug|Any CPU
		{F3AC00B0-4BC8-423F-9EE3-E836765F1A93}.Release|Any CPU.ActiveCfg = Release|Any CPU
		{F3AC00B0-4BC8-423F-9EE3-E836765F1A93}.Release|Any CPU.Build.0 = Release|Any CPU
		{9C5B038E-42FB-4658-94E8-41731A64A06F}.Debug|Any CPU.ActiveCfg = Debug|Any CPU
		{9C5B038E-42FB-4658-94E8-41731A64A06F}.Debug|Any CPU.Build.0 = Debug|Any CPU
		{9C5B038E-42FB-4658-94E8-41731A64A06F}.Release|Any CPU.ActiveCfg = Release|Any CPU
		{9C5B038E-42FB-4658-94E8-41731A64A06F}.Release|Any CPU.Build.0 = Release|Any CPU
		{7F515BF0-7AC2-4D1F-854E-BD60F36D48F9}.Debug|Any CPU.ActiveCfg = Debug|Any CPU
		{7F515BF0-7AC2-4D1F-854E-BD60F36D48F9}.Debug|Any CPU.Build.0 = Debug|Any CPU
		{7F515BF0-7AC2-4D1F-854E-BD60F36D48F9}.Release|Any CPU.ActiveCfg = Release|Any CPU
		{7F515BF0-7AC2-4D1F-854E-BD60F36D48F9}.Release|Any CPU.Build.0 = Release|Any CPU
		{359C4D9C-FB15-4CDC-8E24-4CECF269C747}.Debug|Any CPU.ActiveCfg = Debug|Any CPU
		{359C4D9C-FB15-4CDC-8E24-4CECF269C747}.Debug|Any CPU.Build.0 = Debug|Any CPU
		{359C4D9C-FB15-4CDC-8E24-4CECF269C747}.Release|Any CPU.ActiveCfg = Release|Any CPU
		{359C4D9C-FB15-4CDC-8E24-4CECF269C747}.Release|Any CPU.Build.0 = Release|Any CPU
		{7EF7B4DD-57C3-478D-B750-7AD9140D717D}.Debug|Any CPU.ActiveCfg = Debug|Any CPU
		{7EF7B4DD-57C3-478D-B750-7AD9140D717D}.Debug|Any CPU.Build.0 = Debug|Any CPU
		{7EF7B4DD-57C3-478D-B750-7AD9140D717D}.Release|Any CPU.ActiveCfg = Release|Any CPU
		{7EF7B4DD-57C3-478D-B750-7AD9140D717D}.Release|Any CPU.Build.0 = Release|Any CPU
		{DFDE17B4-AF22-446D-8796-CA5031609686}.Debug|Any CPU.ActiveCfg = Debug|Any CPU
		{DFDE17B4-AF22-446D-8796-CA5031609686}.Debug|Any CPU.Build.0 = Debug|Any CPU
		{DFDE17B4-AF22-446D-8796-CA5031609686}.Release|Any CPU.ActiveCfg = Release|Any CPU
		{DFDE17B4-AF22-446D-8796-CA5031609686}.Release|Any CPU.Build.0 = Release|Any CPU
		{DF92A73D-EF97-4E83-838A-B58F24CB348B}.Debug|Any CPU.ActiveCfg = Debug|Any CPU
		{DF92A73D-EF97-4E83-838A-B58F24CB348B}.Debug|Any CPU.Build.0 = Debug|Any CPU
		{DF92A73D-EF97-4E83-838A-B58F24CB348B}.Release|Any CPU.ActiveCfg = Release|Any CPU
		{DF92A73D-EF97-4E83-838A-B58F24CB348B}.Release|Any CPU.Build.0 = Release|Any CPU
		{294A9554-E19A-4DA4-8EC0-A6A81D4186A1}.Debug|Any CPU.ActiveCfg = Debug|Any CPU
		{294A9554-E19A-4DA4-8EC0-A6A81D4186A1}.Debug|Any CPU.Build.0 = Debug|Any CPU
		{294A9554-E19A-4DA4-8EC0-A6A81D4186A1}.Release|Any CPU.ActiveCfg = Release|Any CPU
		{294A9554-E19A-4DA4-8EC0-A6A81D4186A1}.Release|Any CPU.Build.0 = Release|Any CPU
		{F8A5C144-6092-445E-A660-0124DEE0FCC3}.Debug|Any CPU.ActiveCfg = Debug|Any CPU
		{F8A5C144-6092-445E-A660-0124DEE0FCC3}.Debug|Any CPU.Build.0 = Debug|Any CPU
		{F8A5C144-6092-445E-A660-0124DEE0FCC3}.Release|Any CPU.ActiveCfg = Release|Any CPU
		{F8A5C144-6092-445E-A660-0124DEE0FCC3}.Release|Any CPU.Build.0 = Release|Any CPU
		{252F15C7-F37D-4F2B-858D-1BD5A7CC467B}.Debug|Any CPU.ActiveCfg = Debug|Any CPU
		{252F15C7-F37D-4F2B-858D-1BD5A7CC467B}.Debug|Any CPU.Build.0 = Debug|Any CPU
		{252F15C7-F37D-4F2B-858D-1BD5A7CC467B}.Release|Any CPU.ActiveCfg = Release|Any CPU
		{252F15C7-F37D-4F2B-858D-1BD5A7CC467B}.Release|Any CPU.Build.0 = Release|Any CPU
		{E814A433-3BDE-4833-8D6B-F930BDFE9FF3}.Debug|Any CPU.ActiveCfg = Debug|Any CPU
		{E814A433-3BDE-4833-8D6B-F930BDFE9FF3}.Debug|Any CPU.Build.0 = Debug|Any CPU
		{E814A433-3BDE-4833-8D6B-F930BDFE9FF3}.Release|Any CPU.ActiveCfg = Release|Any CPU
		{E814A433-3BDE-4833-8D6B-F930BDFE9FF3}.Release|Any CPU.Build.0 = Release|Any CPU
		{28B0B4BB-4481-420B-8258-067E9E093AED}.Debug|Any CPU.ActiveCfg = Debug|Any CPU
		{28B0B4BB-4481-420B-8258-067E9E093AED}.Debug|Any CPU.Build.0 = Debug|Any CPU
		{28B0B4BB-4481-420B-8258-067E9E093AED}.Release|Any CPU.ActiveCfg = Release|Any CPU
		{28B0B4BB-4481-420B-8258-067E9E093AED}.Release|Any CPU.Build.0 = Release|Any CPU
		{9F2D2F9F-7DCA-4509-B1B1-CA4CCF87FF50}.Debug|Any CPU.ActiveCfg = Debug|Any CPU
		{9F2D2F9F-7DCA-4509-B1B1-CA4CCF87FF50}.Debug|Any CPU.Build.0 = Debug|Any CPU
		{9F2D2F9F-7DCA-4509-B1B1-CA4CCF87FF50}.Release|Any CPU.ActiveCfg = Release|Any CPU
		{9F2D2F9F-7DCA-4509-B1B1-CA4CCF87FF50}.Release|Any CPU.Build.0 = Release|Any CPU
		{87D1DDED-2E78-4100-ACD4-77FC13BCA7FC}.Debug|Any CPU.ActiveCfg = Debug|Any CPU
		{87D1DDED-2E78-4100-ACD4-77FC13BCA7FC}.Debug|Any CPU.Build.0 = Debug|Any CPU
		{87D1DDED-2E78-4100-ACD4-77FC13BCA7FC}.Release|Any CPU.ActiveCfg = Release|Any CPU
		{87D1DDED-2E78-4100-ACD4-77FC13BCA7FC}.Release|Any CPU.Build.0 = Release|Any CPU
	EndGlobalSection
	GlobalSection(SolutionProperties) = preSolution
		HideSolutionNode = FALSE
	EndGlobalSection
	GlobalSection(NestedProjects) = preSolution
		{203E75E9-3D77-4683-8327-3D34003F0F0D} = {D230C53D-6CBE-4E72-B15B-BB0394AC2106}
		{F744E8CB-E80C-45B9-868B-FDE1CC727CB2} = {A4C5E1F4-5A09-4DFB-B3AA-24CD0189A138}
		{693BCC80-D01B-4686-ABFE-04E403B5A1C9} = {4AEC25B6-C1FC-40FA-9262-66E74C5D9E11}
		{D67AA225-9127-4830-98A0-CE10AC98197A} = {4AEC25B6-C1FC-40FA-9262-66E74C5D9E11}
		{59315486-A0BC-424A-A0C5-FD791A6EB9D2} = {25F4031C-DB60-4940-9465-8A908A23F01F}
		{E09563D0-4E7C-4F02-9C9B-7A6C50499FFB} = {18BCE8E6-7E91-4BFE-8E5D-D0E792DD5BA3}
		{0B025E16-2A9C-4712-A31F-1725201B5B33} = {A63B955E-7576-4317-A887-7AF07E321065}
		{B965CBB5-41A5-4BBA-917F-4AF482A56221} = {18BCE8E6-7E91-4BFE-8E5D-D0E792DD5BA3}
		{DCDB285E-8886-4CBF-88D6-A1E1CF1C5D61} = {D230C53D-6CBE-4E72-B15B-BB0394AC2106}
		{F3AC00B0-4BC8-423F-9EE3-E836765F1A93} = {25F4031C-DB60-4940-9465-8A908A23F01F}
		{9C5B038E-42FB-4658-94E8-41731A64A06F} = {A4C5E1F4-5A09-4DFB-B3AA-24CD0189A138}
		{7F515BF0-7AC2-4D1F-854E-BD60F36D48F9} = {4AEC25B6-C1FC-40FA-9262-66E74C5D9E11}
		{359C4D9C-FB15-4CDC-8E24-4CECF269C747} = {232BD516-1BA1-4CFF-A149-0CAF1E65E851}
		{7EF7B4DD-57C3-478D-B750-7AD9140D717D} = {232BD516-1BA1-4CFF-A149-0CAF1E65E851}
		{DFDE17B4-AF22-446D-8796-CA5031609686} = {D230C53D-6CBE-4E72-B15B-BB0394AC2106}
		{DF92A73D-EF97-4E83-838A-B58F24CB348B} = {4838C308-CFE9-428C-8091-5DCB832509AA}
		{294A9554-E19A-4DA4-8EC0-A6A81D4186A1} = {D230C53D-6CBE-4E72-B15B-BB0394AC2106}
		{F8A5C144-6092-445E-A660-0124DEE0FCC3} = {D31564D7-6FF1-47E9-8D5A-C72573692990}
		{252F15C7-F37D-4F2B-858D-1BD5A7CC467B} = {232BD516-1BA1-4CFF-A149-0CAF1E65E851}
		{E814A433-3BDE-4833-8D6B-F930BDFE9FF3} = {A63B955E-7576-4317-A887-7AF07E321065}
		{28B0B4BB-4481-420B-8258-067E9E093AED} = {A63B955E-7576-4317-A887-7AF07E321065}
		{9F2D2F9F-7DCA-4509-B1B1-CA4CCF87FF50} = {D31564D7-6FF1-47E9-8D5A-C72573692990}
		{87D1DDED-2E78-4100-ACD4-77FC13BCA7FC} = {A63B955E-7576-4317-A887-7AF07E321065}
	EndGlobalSection
EndGlobal
